# THIS IS AN AUTOGENERATED FILE. DO NOT EDIT THIS FILE DIRECTLY.
# yarn lockfile v1


markdown-it-pdf@1.1.8:
  version "1.1.8"
  resolved "https://registry.yarnpkg.com/markdown-it-pdf/-/markdown-it-pdf-1.1.8.tgz#c641a1b7f226a8d1e3983590f942a007eedafdd7"
  integrity sha512-GIVngzbI4+ySBOjGn9shhJnLQ2AQR4tk9SsLv86ATQrTZt9NQrhKnysBd5abG2VYzhH5m/pwUAzsGT+y8eRvLQ==
